
Microsoft Visual Studio Solution File, Format Version 12.00
# Visual Studio Version 17
VisualStudioVersion = 17.5.002.0
MinimumVisualStudioVersion = 10.0.40219.1
Project("{2150E333-8FDC-42A3-9474-1A3956D46DE8}") = "sandbox", "sandbox", "{31BFEDFD-686B-4EB0-A97B-65675EF98466}"
EndProject
Project("{9A19103F-16F7-4668-BE54-9A1E7A4F7556}") = "sandbox_project", "sandbox\sandbox_project\sandbox_project.csproj", "{86FDB7B9-2246-45B8-984E-211E3811DD40}"
EndProject
Project("{2150E333-8FDC-42A3-9474-1A3956D46DE8}") = "week01", "week01", "{6D785D94-6044-48EB-87FF-A53B3362CA82}"
EndProject
Project("{9A19103F-16F7-4668-BE54-9A1E7A4F7556}") = "analyze", "week01\analyze\analyze.csproj", "{B5EA6147-6B21-4DD2-A32D-95DE0B738705}"
EndProject
Project("{9A19103F-16F7-4668-BE54-9A1E7A4F7556}") = "code", "week01\code\code.csproj", "{15002F90-F77B-4F10-A2FB-60EBA5C61031}"
EndProject
Project("{9A19103F-16F7-4668-BE54-9A1E7A4F7556}") = "teach", "week01\teach\teach.csproj", "{82FBB06A-2B92-47D9-BA89-48AB2A8E3198}"
EndProject
Project("{2150E333-8FDC-42A3-9474-1A3956D46DE8}") = "week02", "week02", "{AB841563-0288-43F1-A638-629943D29B1F}"
EndProject
Project("{9A19103F-16F7-4668-BE54-9A1E7A4F7556}") = "analyze", "week02\analyze\analyze.csproj", "{9417A324-06DC-4972-8040-DBAB0AB4B85A}"
EndProject
Project("{9A19103F-16F7-4668-BE54-9A1E7A4F7556}") = "code", "week02\code\code.csproj", "{D34BA585-97E7-4098-87A2-AECBFB364FE0}"
EndProject
Project("{9A19103F-16F7-4668-BE54-9A1E7A4F7556}") = "learn", "week02\learn\learn.csproj", "{93998834-AF63-4673-AADC-185EABC6846F}"
EndProject
Project("{9A19103F-16F7-4668-BE54-9A1E7A4F7556}") = "teach", "week02\teach\teach.csproj", "{41D12F65-201F-469A-A3BD-C87F90CC4C7B}"
EndProject
Project("{2150E333-8FDC-42A3-9474-1A3956D46DE8}") = "week03", "week03", "{19320F3C-2885-45DA-8F7F-235CC1AA1BA0}"
EndProject
Project("{9A19103F-16F7-4668-BE54-9A1E7A4F7556}") = "code", "week03\code\code.csproj", "{BA24545F-E0AB-44BC-9D7D-0FDE086C545F}"
EndProject
Project("{9A19103F-16F7-4668-BE54-9A1E7A4F7556}") = "learn", "week03\learn\learn.csproj", "{A1D5FBD7-4F8F-440C-8EF4-665761CEF722}"
EndProject
Project("{9A19103F-16F7-4668-BE54-9A1E7A4F7556}") = "teach", "week03\teach\teach.csproj", "{D31AF358-87CC-46C4-B6D5-54EA1969B33E}"
EndProject
Project("{2150E333-8FDC-42A3-9474-1A3956D46DE8}") = "week04", "week04", "{261B8B17-65C9-4AB8-9076-1BD43BB04C89}"
EndProject
Project("{9A19103F-16F7-4668-BE54-9A1E7A4F7556}") = "code", "week04\code\code.csproj", "{3CE987FD-8C31-4576-A13C-787B56AB3E00}"
EndProject
Project("{2150E333-8FDC-42A3-9474-1A3956D46DE8}") = "week05", "week05", "{96D3EC43-D8F2-48ED-A9EB-FAEDC638253E}"
EndProject
Project("{9A19103F-16F7-4668-BE54-9A1E7A4F7556}") = "code", "week05\code\code.csproj", "{F72C964A-FA91-49A0-8638-1827AFB5BBF8}"
EndProject
Project("{2150E333-8FDC-42A3-9474-1A3956D46DE8}") = "week06", "week06", "{7269D8DB-47F1-4B4D-87AE-684CFA86F81A}"
EndProject
Project("{9A19103F-16F7-4668-BE54-9A1E7A4F7556}") = "code", "week06\code\code.csproj", "{39FC4EB9-9B54-4A06-91E6-A939944D1DE8}"
EndProject
Global
	GlobalSection(SolutionConfigurationPlatforms) = preSolution
		Debug|Any CPU = Debug|Any CPU
		Release|Any CPU = Release|Any CPU
	EndGlobalSection
	GlobalSection(ProjectConfigurationPlatforms) = postSolution
		{86FDB7B9-2246-45B8-984E-211E3811DD40}.Debug|Any CPU.ActiveCfg = Debug|Any CPU
		{86FDB7B9-2246-45B8-984E-211E3811DD40}.Debug|Any CPU.Build.0 = Debug|Any CPU
		{86FDB7B9-2246-45B8-984E-211E3811DD40}.Release|Any CPU.ActiveCfg = Release|Any CPU
		{86FDB7B9-2246-45B8-984E-211E3811DD40}.Release|Any CPU.Build.0 = Release|Any CPU
		{B5EA6147-6B21-4DD2-A32D-95DE0B738705}.Debug|Any CPU.ActiveCfg = Debug|Any CPU
		{B5EA6147-6B21-4DD2-A32D-95DE0B738705}.Debug|Any CPU.Build.0 = Debug|Any CPU
		{B5EA6147-6B21-4DD2-A32D-95DE0B738705}.Release|Any CPU.ActiveCfg = Release|Any CPU
		{B5EA6147-6B21-4DD2-A32D-95DE0B738705}.Release|Any CPU.Build.0 = Release|Any CPU
		{15002F90-F77B-4F10-A2FB-60EBA5C61031}.Debug|Any CPU.ActiveCfg = Debug|Any CPU
		{15002F90-F77B-4F10-A2FB-60EBA5C61031}.Debug|Any CPU.Build.0 = Debug|Any CPU
		{15002F90-F77B-4F10-A2FB-60EBA5C61031}.Release|Any CPU.ActiveCfg = Release|Any CPU
		{15002F90-F77B-4F10-A2FB-60EBA5C61031}.Release|Any CPU.Build.0 = Release|Any CPU
		{82FBB06A-2B92-47D9-BA89-48AB2A8E3198}.Debug|Any CPU.ActiveCfg = Debug|Any CPU
		{82FBB06A-2B92-47D9-BA89-48AB2A8E3198}.Debug|Any CPU.Build.0 = Debug|Any CPU
		{82FBB06A-2B92-47D9-BA89-48AB2A8E3198}.Release|Any CPU.ActiveCfg = Release|Any CPU
		{82FBB06A-2B92-47D9-BA89-48AB2A8E3198}.Release|Any CPU.Build.0 = Release|Any CPU
		{9417A324-06DC-4972-8040-DBAB0AB4B85A}.Debug|Any CPU.ActiveCfg = Debug|Any CPU
		{9417A324-06DC-4972-8040-DBAB0AB4B85A}.Debug|Any CPU.Build.0 = Debug|Any CPU
		{9417A324-06DC-4972-8040-DBAB0AB4B85A}.Release|Any CPU.ActiveCfg = Release|Any CPU
		{9417A324-06DC-4972-8040-DBAB0AB4B85A}.Release|Any CPU.Build.0 = Release|Any CPU
		{D34BA585-97E7-4098-87A2-AECBFB364FE0}.Debug|Any CPU.ActiveCfg = Debug|Any CPU
		{D34BA585-97E7-4098-87A2-AECBFB364FE0}.Debug|Any CPU.Build.0 = Debug|Any CPU
		{D34BA585-97E7-4098-87A2-AECBFB364FE0}.Release|Any CPU.ActiveCfg = Release|Any CPU
		{D34BA585-97E7-4098-87A2-AECBFB364FE0}.Release|Any CPU.Build.0 = Release|Any CPU
		{93998834-AF63-4673-AADC-185EABC6846F}.Debug|Any CPU.ActiveCfg = Debug|Any CPU
		{93998834-AF63-4673-AADC-185EABC6846F}.Debug|Any CPU.Build.0 = Debug|Any CPU
		{93998834-AF63-4673-AADC-185EABC6846F}.Release|Any CPU.ActiveCfg = Release|Any CPU
		{93998834-AF63-4673-AADC-185EABC6846F}.Release|Any CPU.Build.0 = Release|Any CPU
		{41D12F65-201F-469A-A3BD-C87F90CC4C7B}.Debug|Any CPU.ActiveCfg = Debug|Any CPU
		{41D12F65-201F-469A-A3BD-C87F90CC4C7B}.Debug|Any CPU.Build.0 = Debug|Any CPU
		{41D12F65-201F-469A-A3BD-C87F90CC4C7B}.Release|Any CPU.ActiveCfg = Release|Any CPU
		{41D12F65-201F-469A-A3BD-C87F90CC4C7B}.Release|Any CPU.Build.0 = Release|Any CPU
		{BA24545F-E0AB-44BC-9D7D-0FDE086C545F}.Debug|Any CPU.ActiveCfg = Debug|Any CPU
		{BA24545F-E0AB-44BC-9D7D-0FDE086C545F}.Debug|Any CPU.Build.0 = Debug|Any CPU
		{BA24545F-E0AB-44BC-9D7D-0FDE086C545F}.Release|Any CPU.ActiveCfg = Release|Any CPU
		{BA24545F-E0AB-44BC-9D7D-0FDE086C545F}.Release|Any CPU.Build.0 = Release|Any CPU
		{A1D5FBD7-4F8F-440C-8EF4-665761CEF722}.Debug|Any CPU.ActiveCfg = Debug|Any CPU
		{A1D5FBD7-4F8F-440C-8EF4-665761CEF722}.Debug|Any CPU.Build.0 = Debug|Any CPU
		{A1D5FBD7-4F8F-440C-8EF4-665761CEF722}.Release|Any CPU.ActiveCfg = Release|Any CPU
		{A1D5FBD7-4F8F-440C-8EF4-665761CEF722}.Release|Any CPU.Build.0 = Release|Any CPU
		{D31AF358-87CC-46C4-B6D5-54EA1969B33E}.Debug|Any CPU.ActiveCfg = Debug|Any CPU
		{D31AF358-87CC-46C4-B6D5-54EA1969B33E}.Debug|Any CPU.Build.0 = Debug|Any CPU
		{D31AF358-87CC-46C4-B6D5-54EA1969B33E}.Release|Any CPU.ActiveCfg = Release|Any CPU
		{D31AF358-87CC-46C4-B6D5-54EA1969B33E}.Release|Any CPU.Build.0 = Release|Any CPU
		{3CE987FD-8C31-4576-A13C-787B56AB3E00}.Debug|Any CPU.ActiveCfg = Debug|Any CPU
		{3CE987FD-8C31-4576-A13C-787B56AB3E00}.Debug|Any CPU.Build.0 = Debug|Any CPU
		{3CE987FD-8C31-4576-A13C-787B56AB3E00}.Release|Any CPU.ActiveCfg = Release|Any CPU
		{3CE987FD-8C31-4576-A13C-787B56AB3E00}.Release|Any CPU.Build.0 = Release|Any CPU
		{F72C964A-FA91-49A0-8638-1827AFB5BBF8}.Debug|Any CPU.ActiveCfg = Debug|Any CPU
		{F72C964A-FA91-49A0-8638-1827AFB5BBF8}.Debug|Any CPU.Build.0 = Debug|Any CPU
		{F72C964A-FA91-49A0-8638-1827AFB5BBF8}.Release|Any CPU.ActiveCfg = Release|Any CPU
		{F72C964A-FA91-49A0-8638-1827AFB5BBF8}.Release|Any CPU.Build.0 = Release|Any CPU
		{39FC4EB9-9B54-4A06-91E6-A939944D1DE8}.Debug|Any CPU.ActiveCfg = Debug|Any CPU
		{39FC4EB9-9B54-4A06-91E6-A939944D1DE8}.Debug|Any CPU.Build.0 = Debug|Any CPU
		{39FC4EB9-9B54-4A06-91E6-A939944D1DE8}.Release|Any CPU.ActiveCfg = Release|Any CPU
		{39FC4EB9-9B54-4A06-91E6-A939944D1DE8}.Release|Any CPU.Build.0 = Release|Any CPU
	EndGlobalSection
	GlobalSection(SolutionProperties) = preSolution
		HideSolutionNode = FALSE
	EndGlobalSection
	GlobalSection(NestedProjects) = preSolution
		{86FDB7B9-2246-45B8-984E-211E3811DD40} = {31BFEDFD-686B-4EB0-A97B-65675EF98466}
		{B5EA6147-6B21-4DD2-A32D-95DE0B738705} = {6D785D94-6044-48EB-87FF-A53B3362CA82}
		{15002F90-F77B-4F10-A2FB-60EBA5C61031} = {6D785D94-6044-48EB-87FF-A53B3362CA82}
		{82FBB06A-2B92-47D9-BA89-48AB2A8E3198} = {6D785D94-6044-48EB-87FF-A53B3362CA82}
		{9417A324-06DC-4972-8040-DBAB0AB4B85A} = {AB841563-0288-43F1-A638-629943D29B1F}
		{D34BA585-97E7-4098-87A2-AECBFB364FE0} = {AB841563-0288-43F1-A638-629943D29B1F}
		{93998834-AF63-4673-AADC-185EABC6846F} = {AB841563-0288-43F1-A638-629943D29B1F}
		{41D12F65-201F-469A-A3BD-C87F90CC4C7B} = {AB841563-0288-43F1-A638-629943D29B1F}
		{BA24545F-E0AB-44BC-9D7D-0FDE086C545F} = {19320F3C-2885-45DA-8F7F-235CC1AA1BA0}
		{A1D5FBD7-4F8F-440C-8EF4-665761CEF722} = {19320F3C-2885-45DA-8F7F-235CC1AA1BA0}
		{D31AF358-87CC-46C4-B6D5-54EA1969B33E} = {19320F3C-2885-45DA-8F7F-235CC1AA1BA0}
		{3CE987FD-8C31-4576-A13C-787B56AB3E00} = {261B8B17-65C9-4AB8-9076-1BD43BB04C89}
		{F72C964A-FA91-49A0-8638-1827AFB5BBF8} = {96D3EC43-D8F2-48ED-A9EB-FAEDC638253E}
		{39FC4EB9-9B54-4A06-91E6-A939944D1DE8} = {7269D8DB-47F1-4B4D-87AE-684CFA86F81A}
	EndGlobalSection
	GlobalSection(ExtensibilityGlobals) = postSolution
		SolutionGuid = {7EDD1A24-3608-4AB6-BA38-28D489DC5347}
	EndGlobalSection
EndGlobal
